
Microsoft Visual Studio Solution File, Format Version 12.00
# Visual Studio Version 16
VisualStudioVersion = 16.0.32407.337
MinimumVisualStudioVersion = 10.0.40219.1
Project("{FAE04EC0-301F-11D3-BF4B-00C04F79EFBC}") = "18.05homework", "18.05homework\18.05homework.csproj", "{9A21A8F6-B8E6-409E-BCDE-7A2273DCE838}"
EndProject
Global
	GlobalSection(SolutionConfigurationPlatforms) = preSolution
		Debug|Any CPU = Debug|Any CPU
		Release|Any CPU = Release|Any CPU
	EndGlobalSection
	GlobalSection(ProjectConfigurationPlatforms) = postSolution
		{9A21A8F6-B8E6-409E-BCDE-7A2273DCE838}.Debug|Any CPU.ActiveCfg = Debug|Any CPU
		{9A21A8F6-B8E6-409E-BCDE-7A2273DCE838}.Debug|Any CPU.Build.0 = Debug|Any CPU
		{9A21A8F6-B8E6-409E-BCDE-7A2273DCE838}.Release|Any CPU.ActiveCfg = Release|Any CPU
		{9A21A8F6-B8E6-409E-BCDE-7A2273DCE838}.Release|Any CPU.Build.0 = Release|Any CPU
	EndGlobalSection
	GlobalSection(SolutionProperties) = preSolution
		HideSolutionNode = FALSE
	EndGlobalSection
	GlobalSection(ExtensibilityGlobals) = postSolution
		SolutionGuid = {D4C21E20-63E7-4F8C-BE03-2D9FA956D63F}
	EndGlobalSection
EndGlobal
